// !$*UTF8*$!
{
	archiveVersion = 1;
	classes = {
	};
	objectVersion = 56;
	objects = {

/* Begin PBXBuildFile section */
		9BBFD5AA2CA33F4B00C04083 /* AppDelegate.swift in Sources */ = {isa = PBXBuildFile; fileRef = 9BBFD5A92CA33F4B00C04083 /* AppDelegate.swift */; };
		9BBFD5AC2CA33F4B00C04083 /* GameScene.sks in Resources */ = {isa = PBXBuildFile; fileRef = 9BBFD5AB2CA33F4B00C04083 /* GameScene.sks */; };
		9BBFD5AE2CA33F4B00C04083 /* Actions.sks in Resources */ = {isa = PBXBuildFile; fileRef = 9BBFD5AD2CA33F4B00C04083 /* Actions.sks */; };
		9BBFD5B02CA33F4B00C04083 /* GameScene.swift in Sources */ = {isa = PBXBuildFile; fileRef = 9BBFD5AF2CA33F4B00C04083 /* GameScene.swift */; };
		9BBFD5B22CA33F4B00C04083 /* GameViewController.swift in Sources */ = {isa = PBXBuildFile; fileRef = 9BBFD5B12CA33F4B00C04083 /* GameViewController.swift */; };
		9BBFD5B52CA33F4B00C04083 /* Base in Resources */ = {isa = PBXBuildFile; fileRef = 9BBFD5B42CA33F4B00C04083 /* Base */; };
		9BBFD5B72CA33F4C00C04083 /* Assets.xcassets in Resources */ = {isa = PBXBuildFile; fileRef = 9BBFD5B62CA33F4C00C04083 /* Assets.xcassets */; };
		9BBFD5BA2CA33F4C00C04083 /* Base in Resources */ = {isa = PBXBuildFile; fileRef = 9BBFD5B92CA33F4C00C04083 /* Base */; };
		9BBFD5C42CA33F4C00C04083 /* SpaceRaiderTests.swift in Sources */ = {isa = PBXBuildFile; fileRef = 9BBFD5C32CA33F4C00C04083 /* SpaceRaiderTests.swift */; };
		9BBFD5CE2CA33F4C00C04083 /* SpaceRaiderUITests.swift in Sources */ = {isa = PBXBuildFile; fileRef = 9BBFD5CD2CA33F4C00C04083 /* SpaceRaiderUITests.swift */; };
		9BBFD5D02CA33F4C00C04083 /* SpaceRaiderUITestsLaunchTests.swift in Sources */ = {isa = PBXBuildFile; fileRef = 9BBFD5CF2CA33F4C00C04083 /* SpaceRaiderUITestsLaunchTests.swift */; };
/* End PBXBuildFile section */

/* Begin PBXContainerItemProxy section */
		9BBFD5C02CA33F4C00C04083 /* PBXContainerItemProxy */ = {
			isa = PBXContainerItemProxy;
			containerPortal = 9BBFD59E2CA33F4B00C04083 /* Project object */;
			proxyType = 1;
			remoteGlobalIDString = 9BBFD5A52CA33F4B00C04083;
			remoteInfo = SpaceRaider;
		};
		9BBFD5CA2CA33F4C00C04083 /* PBXContainerItemProxy */ = {
			isa = PBXContainerItemProxy;
			containerPortal = 9BBFD59E2CA33F4B00C04083 /* Project object */;
			proxyType = 1;
			remoteGlobalIDString = 9BBFD5A52CA33F4B00C04083;
			remoteInfo = SpaceRaider;
		};
/* End PBXContainerItemProxy section */

/* Begin PBXFileReference section */
		9BBFD5A62CA33F4B00C04083 /* SpaceRaider.app */ = {isa = PBXFileReference; explicitFileType = wrapper.application; includeInIndex = 0; path = SpaceRaider.app; sourceTree = BUILT_PRODUCTS_DIR; };
		9BBFD5A92CA33F4B00C04083 /* AppDelegate.swift */ = {isa = PBXFileReference; lastKnownFileType = sourcecode.swift; path = AppDelegate.swift; sourceTree = "<group>"; };
		9BBFD5AB2CA33F4B00C04083 /* GameScene.sks */ = {isa = PBXFileReference; lastKnownFileType = file.sks; path = GameScene.sks; sourceTree = "<group>"; };
		9BBFD5AD2CA33F4B00C04083 /* Actions.sks */ = {isa = PBXFileReference; lastKnownFileType = file.sks; path = Actions.sks; sourceTree = "<group>"; };
		9BBFD5AF2CA33F4B00C04083 /* GameScene.swift */ = {isa = PBXFileReference; lastKnownFileType = sourcecode.swift; path = GameScene.swift; sourceTree = "<group>"; };
		9BBFD5B12CA33F4B00C04083 /* GameViewController.swift */ = {isa = PBXFileReference; lastKnownFileType = sourcecode.swift; path = GameViewController.swift; sourceTree = "<group>"; };
		9BBFD5B42CA33F4B00C04083 /* Base */ = {isa = PBXFileReference; lastKnownFileType = file.storyboard; name = Base; path = Base.lproj/Main.storyboard; sourceTree = "<group>"; };
		9BBFD5B62CA33F4C00C04083 /* Assets.xcassets */ = {isa = PBXFileReference; lastKnownFileType = folder.assetcatalog; path = Assets.xcassets; sourceTree = "<group>"; };
		9BBFD5B92CA33F4C00C04083 /* Base */ = {isa = PBXFileReference; lastKnownFileType = file.storyboard; name = Base; path = Base.lproj/LaunchScreen.storyboard; sourceTree = "<group>"; };
		9BBFD5BF2CA33F4C00C04083 /* SpaceRaiderTests.xctest */ = {isa = PBXFileReference; explicitFileType = wrapper.cfbundle; includeInIndex = 0; path = SpaceRaiderTests.xctest; sourceTree = BUILT_PRODUCTS_DIR; };
		9BBFD5C32CA33F4C00C04083 /* SpaceRaiderTests.swift */ = {isa = PBXFileReference; lastKnownFileType = sourcecode.swift; path = SpaceRaiderTests.swift; sourceTree = "<group>"; };
		9BBFD5C92CA33F4C00C04083 /* SpaceRaiderUITests.xctest */ = {isa = PBXFileReference; explicitFileType = wrapper.cfbundle; includeInIndex = 0; path = SpaceRaiderUITests.xctest; sourceTree = BUILT_PRODUCTS_DIR; };
		9BBFD5CD2CA33F4C00C04083 /* SpaceRaiderUITests.swift */ = {isa = PBXFileReference; lastKnownFileType = sourcecode.swift; path = SpaceRaiderUITests.swift; sourceTree = "<group>"; };
		9BBFD5CF2CA33F4C00C04083 /* SpaceRaiderUITestsLaunchTests.swift */ = {isa = PBXFileReference; lastKnownFileType = sourcecode.swift; path = SpaceRaiderUITestsLaunchTests.swift; sourceTree = "<group>"; };
/* End PBXFileReference section */

/* Begin PBXFrameworksBuildPhase section */
		9BBFD5A32CA33F4B00C04083 /* Frameworks */ = {
			isa = PBXFrameworksBuildPhase;
			buildActionMask = 2147483647;
			files = (
			);
			runOnlyForDeploymentPostprocessing = 0;
		};
		9BBFD5BC2CA33F4C00C04083 /* Frameworks */ = {
			isa = PBXFrameworksBuildPhase;
			buildActionMask = 2147483647;
			files = (
			);
			runOnlyForDeploymentPostprocessing = 0;
		};
		9BBFD5C62CA33F4C00C04083 /* Frameworks */ = {
			isa = PBXFrameworksBuildPhase;
			buildActionMask = 2147483647;
			files = (
			);
			runOnlyForDeploymentPostprocessing = 0;
		};
/* End PBXFrameworksBuildPhase section */

/* Begin PBXGroup section */
		9BBFD59D2CA33F4B00C04083 = {
			isa = PBXGroup;
			children = (
				9BBFD5A82CA33F4B00C04083 /* SpaceRaider */,
				9BBFD5C22CA33F4C00C04083 /* SpaceRaiderTests */,
				9BBFD5CC2CA33F4C00C04083 /* SpaceRaiderUITests */,
				9BBFD5A72CA33F4B00C04083 /* Products */,
			);
			sourceTree = "<group>";
		};
		9BBFD5A72CA33F4B00C04083 /* Products */ = {
			isa = PBXGroup;
			children = (
				9BBFD5A62CA33F4B00C04083 /* SpaceRaider.app */,
				9BBFD5BF2CA33F4C00C04083 /* SpaceRaiderTests.xctest */,
				9BBFD5C92CA33F4C00C04083 /* SpaceRaiderUITests.xctest */,
			);
			name = Products;
			sourceTree = "<group>";
		};
		9BBFD5A82CA33F4B00C04083 /* SpaceRaider */ = {
			isa = PBXGroup;
			children = (
				9BBFD5A92CA33F4B00C04083 /* AppDelegate.swift */,
				9BBFD5AB2CA33F4B00C04083 /* GameScene.sks */,
				9BBFD5AD2CA33F4B00C04083 /* Actions.sks */,
				9BBFD5AF2CA33F4B00C04083 /* GameScene.swift */,
				9BBFD5B12CA33F4B00C04083 /* GameViewController.swift */,
				9BBFD5B32CA33F4B00C04083 /* Main.storyboard */,
				9BBFD5B62CA33F4C00C04083 /* Assets.xcassets */,
				9BBFD5B82CA33F4C00C04083 /* LaunchScreen.storyboard */,
			);
			path = SpaceRaider;
			sourceTree = "<group>";
		};
		9BBFD5C22CA33F4C00C04083 /* SpaceRaiderTests */ = {
			isa = PBXGroup;
			children = (
				9BBFD5C32CA33F4C00C04083 /* SpaceRaiderTests.swift */,
			);
			path = SpaceRaiderTests;
			sourceTree = "<group>";
		};
		9BBFD5CC2CA33F4C00C04083 /* SpaceRaiderUITests */ = {
			isa = PBXGroup;
			children = (
				9BBFD5CD2CA33F4C00C04083 /* SpaceRaiderUITests.swift */,
				9BBFD5CF2CA33F4C00C04083 /* SpaceRaiderUITestsLaunchTests.swift */,
			);
			path = SpaceRaiderUITests;
			sourceTree = "<group>";
		};
/* End PBXGroup section */

/* Begin PBXNativeTarget section */
		9BBFD5A52CA33F4B00C04083 /* SpaceRaider */ = {
			isa = PBXNativeTarget;
			buildConfigurationList = 9BBFD5D32CA33F4C00C04083 /* Build configuration list for PBXNativeTarget "SpaceRaider" */;
			buildPhases = (
				9BBFD5A22CA33F4B00C04083 /* Sources */,
				9BBFD5A32CA33F4B00C04083 /* Frameworks */,
				9BBFD5A42CA33F4B00C04083 /* Resources */,
			);
			buildRules = (
			);
			dependencies = (
			);
			name = SpaceRaider;
			productName = SpaceRaider;
			productReference = 9BBFD5A62CA33F4B00C04083 /* SpaceRaider.app */;
			productType = "com.apple.product-type.application";
		};
		9BBFD5BE2CA33F4C00C04083 /* SpaceRaiderTests */ = {
			isa = PBXNativeTarget;
			buildConfigurationList = 9BBFD5D62CA33F4C00C04083 /* Build configuration list for PBXNativeTarget "SpaceRaiderTests" */;
			buildPhases = (
				9BBFD5BB2CA33F4C00C04083 /* Sources */,
				9BBFD5BC2CA33F4C00C04083 /* Frameworks */,
				9BBFD5BD2CA33F4C00C04083 /* Resources */,
			);
			buildRules = (
			);
			dependencies = (
				9BBFD5C12CA33F4C00C04083 /* PBXTargetDependency */,
			);
			name = SpaceRaiderTests;
			productName = SpaceRaiderTests;
			productReference = 9BBFD5BF2CA33F4C00C04083 /* SpaceRaiderTests.xctest */;
			productType = "com.apple.product-type.bundle.unit-test";
		};
		9BBFD5C82CA33F4C00C04083 /* SpaceRaiderUITests */ = {
			isa = PBXNativeTarget;
			buildConfigurationList = 9BBFD5D92CA33F4C00C04083 /* Build configuration list for PBXNativeTarget "SpaceRaiderUITests" */;
			buildPhases = (
				9BBFD5C52CA33F4C00C04083 /* Sources */,
				9BBFD5C62CA33F4C00C04083 /* Frameworks */,
				9BBFD5C72CA33F4C00C04083 /* Resources */,
			);
			buildRules = (
			);
			dependencies = (
				9BBFD5CB2CA33F4C00C04083 /* PBXTargetDependency */,
			);
			name = SpaceRaiderUITests;
			productName = SpaceRaiderUITests;
			productReference = 9BBFD5C92CA33F4C00C04083 /* SpaceRaiderUITests.xctest */;
			productType = "com.apple.product-type.bundle.ui-testing";
		};
/* End PBXNativeTarget section */

/* Begin PBXProject section */
		9BBFD59E2CA33F4B00C04083 /* Project object */ = {
			isa = PBXProject;
			attributes = {
				BuildIndependentTargetsInParallel = 1;
				LastSwiftUpdateCheck = 1540;
				LastUpgradeCheck = 1540;
				TargetAttributes = {
					9BBFD5A52CA33F4B00C04083 = {
						CreatedOnToolsVersion = 15.4;
					};
					9BBFD5BE2CA33F4C00C04083 = {
						CreatedOnToolsVersion = 15.4;
						TestTargetID = 9BBFD5A52CA33F4B00C04083;
					};
					9BBFD5C82CA33F4C00C04083 = {
						CreatedOnToolsVersion = 15.4;
						TestTargetID = 9BBFD5A52CA33F4B00C04083;
					};
				};
			};
			buildConfigurationList = 9BBFD5A12CA33F4B00C04083 /* Build configuration list for PBXProject "SpaceRaider" */;
			compatibilityVersion = "Xcode 14.0";
			developmentRegion = en;
			hasScannedForEncodings = 0;
			knownRegions = (
				en,
				Base,
			);
			mainGroup = 9BBFD59D2CA33F4B00C04083;
			productRefGroup = 9BBFD5A72CA33F4B00C04083 /* Products */;
			projectDirPath = "";
			projectRoot = "";
			targets = (
				9BBFD5A52CA33F4B00C04083 /* SpaceRaider */,
				9BBFD5BE2CA33F4C00C04083 /* SpaceRaiderTests */,
				9BBFD5C82CA33F4C00C04083 /* SpaceRaiderUITests */,
			);
		};
/* End PBXProject section */

/* Begin PBXResourcesBuildPhase section */
		9BBFD5A42CA33F4B00C04083 /* Resources */ = {
			isa = PBXResourcesBuildPhase;
			buildActionMask = 2147483647;
			files = (
				9BBFD5AC2CA33F4B00C04083 /* GameScene.sks in Resources */,
				9BBFD5B52CA33F4B00C04083 /* Base in Resources */,
				9BBFD5B72CA33F4C00C04083 /* Assets.xcassets in Resources */,
				9BBFD5AE2CA33F4B00C04083 /* Actions.sks in Resources */,
				9BBFD5BA2CA33F4C00C04083 /* Base in Resources */,
			);
			runOnlyForDeploymentPostprocessing = 0;
		};
		9BBFD5BD2CA33F4C00C04083 /* Resources */ = {
			isa = PBXResourcesBuildPhase;
			buildActionMask = 2147483647;
			files = (
			);
			runOnlyForDeploymentPostprocessing = 0;
		};
		9BBFD5C72CA33F4C00C04083 /* Resources */ = {
			isa = PBXResourcesBuildPhase;
			buildActionMask = 2147483647;
			files = (
			);
			runOnlyForDeploymentPostprocessing = 0;
		};
/* End PBXResourcesBuildPhase section */

/* Begin PBXSourcesBuildPhase section */
		9BBFD5A22CA33F4B00C04083 /* Sources */ = {
			isa = PBXSourcesBuildPhase;
			buildActionMask = 2147483647;
			files = (
				9BBFD5B02CA33F4B00C04083 /* GameScene.swift in Sources */,
				9BBFD5B22CA33F4B00C04083 /* GameViewController.swift in Sources */,
				9BBFD5AA2CA33F4B00C04083 /* AppDelegate.swift in Sources */,
			);
			runOnlyForDeploymentPostprocessing = 0;
		};
		9BBFD5BB2CA33F4C00C04083 /* Sources */ = {
			isa = PBXSourcesBuildPhase;
			buildActionMask = 2147483647;
			files = (
				9BBFD5C42CA33F4C00C04083 /* SpaceRaiderTests.swift in Sources */,
			);
			runOnlyForDeploymentPostprocessing = 0;
		};
		9BBFD5C52CA33F4C00C04083 /* Sources */ = {
			isa = PBXSourcesBuildPhase;
			buildActionMask = 2147483647;
			files = (
				9BBFD5D02CA33F4C00C04083 /* SpaceRaiderUITestsLaunchTests.swift in Sources */,
				9BBFD5CE2CA33F4C00C04083 /* SpaceRaiderUITests.swift in Sources */,
			);
			runOnlyForDeploymentPostprocessing = 0;
		};
/* End PBXSourcesBuildPhase section */

/* Begin PBXTargetDependency section */
		9BBFD5C12CA33F4C00C04083 /* PBXTargetDependency */ = {
			isa = PBXTargetDependency;
			target = 9BBFD5A52CA33F4B00C04083 /* SpaceRaider */;
			targetProxy = 9BBFD5C02CA33F4C00C04083 /* PBXContainerItemProxy */;
		};
		9BBFD5CB2CA33F4C00C04083 /* PBXTargetDependency */ = {
			isa = PBXTargetDependency;
			target = 9BBFD5A52CA33F4B00C04083 /* SpaceRaider */;
			targetProxy = 9BBFD5CA2CA33F4C00C04083 /* PBXContainerItemProxy */;
		};
/* End PBXTargetDependency section */

/* Begin PBXVariantGroup section */
		9BBFD5B32CA33F4B00C04083 /* Main.storyboard */ = {
			isa = PBXVariantGroup;
			children = (
				9BBFD5B42CA33F4B00C04083 /* Base */,
			);
			name = Main.storyboard;
			sourceTree = "<group>";
		};
		9BBFD5B82CA33F4C00C04083 /* LaunchScreen.storyboard */ = {
			isa = PBXVariantGroup;
			children = (
				9BBFD5B92CA33F4C00C04083 /* Base */,
			);
			name = LaunchScreen.storyboard;
			sourceTree = "<group>";
		};
/* End PBXVariantGroup section */

/* Begin XCBuildConfiguration section */
		9BBFD5D12CA33F4C00C04083 /* Debug */ = {
			isa = XCBuildConfiguration;
			buildSettings = {
				ALWAYS_SEARCH_USER_PATHS = NO;
				ASSETCATALOG_COMPILER_GENERATE_SWIFT_ASSET_SYMBOL_EXTENSIONS = YES;
				CLANG_ANALYZER_NONNULL = YES;
				CLANG_ANALYZER_NUMBER_OBJECT_CONVERSION = YES_AGGRESSIVE;
				CLANG_CXX_LANGUAGE_STANDARD = "gnu++20";
				CLANG_ENABLE_MODULES = YES;
				CLANG_ENABLE_OBJC_ARC = YES;
				CLANG_ENABLE_OBJC_WEAK = YES;
				CLANG_WARN_BLOCK_CAPTURE_AUTORELEASING = YES;
				CLANG_WARN_BOOL_CONVERSION = YES;
				CLANG_WARN_COMMA = YES;
				CLANG_WARN_CONSTANT_CONVERSION = YES;
				CLANG_WARN_DEPRECATED_OBJC_IMPLEMENTATIONS = YES;
				CLANG_WARN_DIRECT_OBJC_ISA_USAGE = YES_ERROR;
				CLANG_WARN_DOCUMENTATION_COMMENTS = YES;
				CLANG_WARN_EMPTY_BODY = YES;
				CLANG_WARN_ENUM_CONVERSION = YES;
				CLANG_WARN_INFINITE_RECURSION = YES;
				CLANG_WARN_INT_CONVERSION = YES;
				CLANG_WARN_NON_LITERAL_NULL_CONVERSION = YES;
				CLANG_WARN_OBJC_IMPLICIT_RETAIN_SELF = YES;
				CLANG_WARN_OBJC_LITERAL_CONVERSION = YES;
				CLANG_WARN_OBJC_ROOT_CLASS = YES_ERROR;
				CLANG_WARN_QUOTED_INCLUDE_IN_FRAMEWORK_HEADER = YES;
				CLANG_WARN_RANGE_LOOP_ANALYSIS = YES;
				CLANG_WARN_STRICT_PROTOTYPES = YES;
				CLANG_WARN_SUSPICIOUS_MOVE = YES;
				CLANG_WARN_UNGUARDED_AVAILABILITY = YES_AGGRESSIVE;
				CLANG_WARN_UNREACHABLE_CODE = YES;
				CLANG_WARN__DUPLICATE_METHOD_MATCH = YES;
				COPY_PHASE_STRIP = NO;
				DEBUG_INFORMATION_FORMAT = dwarf;
				ENABLE_STRICT_OBJC_MSGSEND = YES;
				ENABLE_TESTABILITY = YES;
				ENABLE_USER_SCRIPT_SANDBOXING = YES;
				GCC_C_LANGUAGE_STANDARD = gnu17;
				GCC_DYNAMIC_NO_PIC = NO;
				GCC_NO_COMMON_BLOCKS = YES;
				GCC_OPTIMIZATION_LEVEL = 0;
				GCC_PREPROCESSOR_DEFINITIONS = (
					"DEBUG=1",
					"$(inherited)",
				);
				GCC_WARN_64_TO_32_BIT_CONVERSION = YES;
				GCC_WARN_ABOUT_RETURN_TYPE = YES_ERROR;
				GCC_WARN_UNDECLARED_SELECTOR = YES;
				GCC_WARN_UNINITIALIZED_AUTOS = YES_AGGRESSIVE;
				GCC_WARN_UNUSED_FUNCTION = YES;
				GCC_WARN_UNUSED_VARIABLE = YES;
				IPHONEOS_DEPLOYMENT_TARGET = 17.5;
				LOCALIZATION_PREFERS_STRING_CATALOGS = YES;
				MTL_ENABLE_DEBUG_INFO = INCLUDE_SOURCE;
				MTL_FAST_MATH = YES;
				ONLY_ACTIVE_ARCH = YES;
				SDKROOT = iphoneos;
				SWIFT_ACTIVE_COMPILATION_CONDITIONS = "DEBUG $(inherited)";
				SWIFT_OPTIMIZATION_LEVEL = "-Onone";
			};
			name = Debug;
		};
		9BBFD5D22CA33F4C00C04083 /* Release */ = {
			isa = XCBuildConfiguration;
			buildSettings = {
				ALWAYS_SEARCH_USER_PATHS = NO;
				ASSETCATALOG_COMPILER_GENERATE_SWIFT_ASSET_SYMBOL_EXTENSIONS = YES;
				CLANG_ANALYZER_NONNULL = YES;
				CLANG_ANALYZER_NUMBER_OBJECT_CONVERSION = YES_AGGRESSIVE;
				CLANG_CXX_LANGUAGE_STANDARD = "gnu++20";
				CLANG_ENABLE_MODULES = YES;
				CLANG_ENABLE_OBJC_ARC = YES;
				CLANG_ENABLE_OBJC_WEAK = YES;
				CLANG_WARN_BLOCK_CAPTURE_AUTORELEASING = YES;
				CLANG_WARN_BOOL_CONVERSION = YES;
				CLANG_WARN_COMMA = YES;
				CLANG_WARN_CONSTANT_CONVERSION = YES;
				CLANG_WARN_DEPRECATED_OBJC_IMPLEMENTATIONS = YES;
				CLANG_WARN_DIRECT_OBJC_ISA_USAGE = YES_ERROR;
				CLANG_WARN_DOCUMENTATION_COMMENTS = YES;
				CLANG_WARN_EMPTY_BODY = YES;
				CLANG_WARN_ENUM_CONVERSION = YES;
				CLANG_WARN_INFINITE_RECURSION = YES;
				CLANG_WARN_INT_CONVERSION = YES;
				CLANG_WARN_NON_LITERAL_NULL_CONVERSION = YES;
				CLANG_WARN_OBJC_IMPLICIT_RETAIN_SELF = YES;
				CLANG_WARN_OBJC_LITERAL_CONVERSION = YES;
				CLANG_WARN_OBJC_ROOT_CLASS = YES_ERROR;
				CLANG_WARN_QUOTED_INCLUDE_IN_FRAMEWORK_HEADER = YES;
				CLANG_WARN_RANGE_LOOP_ANALYSIS = YES;
				CLANG_WARN_STRICT_PROTOTYPES = YES;
				CLANG_WARN_SUSPICIOUS_MOVE = YES;
				CLANG_WARN_UNGUARDED_AVAILABILITY = YES_AGGRESSIVE;
				CLANG_WARN_UNREACHABLE_CODE = YES;
				CLANG_WARN__DUPLICATE_METHOD_MATCH = YES;
				COPY_PHASE_STRIP = NO;
				DEBUG_INFORMATION_FORMAT = "dwarf-with-dsym";
				ENABLE_NS_ASSERTIONS = NO;
				ENABLE_STRICT_OBJC_MSGSEND = YES;
				ENABLE_USER_SCRIPT_SANDBOXING = YES;
				GCC_C_LANGUAGE_STANDARD = gnu17;
				GCC_NO_COMMON_BLOCKS = YES;
				GCC_WARN_64_TO_32_BIT_CONVERSION = YES;
				GCC_WARN_ABOUT_RETURN_TYPE = YES_ERROR;
				GCC_WARN_UNDECLARED_SELECTOR = YES;
				GCC_WARN_UNINITIALIZED_AUTOS = YES_AGGRESSIVE;
				GCC_WARN_UNUSED_FUNCTION = YES;
				GCC_WARN_UNUSED_VARIABLE = YES;
				IPHONEOS_DEPLOYMENT_TARGET = 17.5;
				LOCALIZATION_PREFERS_STRING_CATALOGS = YES;
				MTL_ENABLE_DEBUG_INFO = NO;
				MTL_FAST_MATH = YES;
				SDKROOT = iphoneos;
				SWIFT_COMPILATION_MODE = wholemodule;
				VALIDATE_PRODUCT = YES;
			};
			name = Release;
		};
		9BBFD5D42CA33F4C00C04083 /* Debug */ = {
			isa = XCBuildConfiguration;
			buildSettings = {
				ASSETCATALOG_COMPILER_APPICON_NAME = AppIcon;
				ASSETCATALOG_COMPILER_GLOBAL_ACCENT_COLOR_NAME = AccentColor;
				CODE_SIGN_STYLE = Automatic;
				CURRENT_PROJECT_VERSION = 1;
				DEVELOPMENT_TEAM = PF978XWTYW;
				GENERATE_INFOPLIST_FILE = YES;
				INFOPLIST_KEY_UIApplicationSupportsIndirectInputEvents = YES;
				INFOPLIST_KEY_UILaunchStoryboardName = LaunchScreen;
				INFOPLIST_KEY_UIMainStoryboardFile = Main;
				INFOPLIST_KEY_UIStatusBarHidden = YES;
				INFOPLIST_KEY_UISupportedInterfaceOrientations_iPad = "UIInterfaceOrientationPortrait UIInterfaceOrientationPortraitUpsideDown UIInterfaceOrientationLandscapeLeft UIInterfaceOrientationLandscapeRight";
				INFOPLIST_KEY_UISupportedInterfaceOrientations_iPhone = "UIInterfaceOrientationPortrait UIInterfaceOrientationLandscapeLeft UIInterfaceOrientationLandscapeRight";
				LD_RUNPATH_SEARCH_PATHS = (
					"$(inherited)",
					"@executable_path/Frameworks",
				);
				MARKETING_VERSION = 1.0;
				PRODUCT_BUNDLE_IDENTIFIER = illusion.SpaceRaider;
				PRODUCT_NAME = "$(TARGET_NAME)";
				SWIFT_EMIT_LOC_STRINGS = YES;
				SWIFT_VERSION = 5.0;
				TARGETED_DEVICE_FAMILY = "1,2";
			};
			name = Debug;
		};
		9BBFD5D52CA33F4C00C04083 /* Release */ = {
			isa = XCBuildConfiguration;
			buildSettings = {
				ASSETCATALOG_COMPILER_APPICON_NAME = AppIcon;
				ASSETCATALOG_COMPILER_GLOBAL_ACCENT_COLOR_NAME = AccentColor;
				CODE_SIGN_STYLE = Automatic;
				CURRENT_PROJECT_VERSION = 1;
				DEVELOPMENT_TEAM = PF978XWTYW;
				GENERATE_INFOPLIST_FILE = YES;
				INFOPLIST_KEY_UIApplicationSupportsIndirectInputEvents = YES;
				INFOPLIST_KEY_UILaunchStoryboardName = LaunchScreen;
				INFOPLIST_KEY_UIMainStoryboardFile = Main;
				INFOPLIST_KEY_UIStatusBarHidden = YES;
				INFOPLIST_KEY_UISupportedInterfaceOrientations_iPad = "UIInterfaceOrientationPortrait UIInterfaceOrientationPortraitUpsideDown UIInterfaceOrientationLandscapeLeft UIInterfaceOrientationLandscapeRight";
				INFOPLIST_KEY_UISupportedInterfaceOrientations_iPhone = "UIInterfaceOrientationPortrait UIInterfaceOrientationLandscapeLeft UIInterfaceOrientationLandscapeRight";
				LD_RUNPATH_SEARCH_PATHS = (
					"$(inherited)",
					"@executable_path/Frameworks",
				);
				MARKETING_VERSION = 1.0;
				PRODUCT_BUNDLE_IDENTIFIER = illusion.SpaceRaider;
				PRODUCT_NAME = "$(TARGET_NAME)";
				SWIFT_EMIT_LOC_STRINGS = YES;
				SWIFT_VERSION = 5.0;
				TARGETED_DEVICE_FAMILY = "1,2";
			};
			name = Release;
		};
		9BBFD5D72CA33F4C00C04083 /* Debug */ = {
			isa = XCBuildConfiguration;
			buildSettings = {
				ALWAYS_EMBED_SWIFT_STANDARD_LIBRARIES = YES;
				BUNDLE_LOADER = "$(TEST_HOST)";
				CODE_SIGN_STYLE = Automatic;
				CURRENT_PROJECT_VERSION = 1;
				DEVELOPMENT_TEAM = PF978XWTYW;
				GENERATE_INFOPLIST_FILE = YES;
				IPHONEOS_DEPLOYMENT_TARGET = 17.5;
				MARKETING_VERSION = 1.0;
				PRODUCT_BUNDLE_IDENTIFIER = illusion.SpaceRaiderTests;
				PRODUCT_NAME = "$(TARGET_NAME)";
				SWIFT_EMIT_LOC_STRINGS = NO;
				SWIFT_VERSION = 5.0;
				TARGETED_DEVICE_FAMILY = "1,2";
				TEST_HOST = "$(BUILT_PRODUCTS_DIR)/SpaceRaider.app/$(BUNDLE_EXECUTABLE_FOLDER_PATH)/SpaceRaider";
			};
			name = Debug;
		};
		9BBFD5D82CA33F4C00C04083 /* Release */ = {
			isa = XCBuildConfiguration;
			buildSettings = {
				ALWAYS_EMBED_SWIFT_STANDARD_LIBRARIES = YES;
				BUNDLE_LOADER = "$(TEST_HOST)";
				CODE_SIGN_STYLE = Automatic;
				CURRENT_PROJECT_VERSION = 1;
				DEVELOPMENT_TEAM = PF978XWTYW;
				GENERATE_INFOPLIST_FILE = YES;
				IPHONEOS_DEPLOYMENT_TARGET = 17.5;
				MARKETING_VERSION = 1.0;
				PRODUCT_BUNDLE_IDENTIFIER = illusion.SpaceRaiderTests;
				PRODUCT_NAME = "$(TARGET_NAME)";
				SWIFT_EMIT_LOC_STRINGS = NO;
				SWIFT_VERSION = 5.0;
				TARGETED_DEVICE_FAMILY = "1,2";
				TEST_HOST = "$(BUILT_PRODUCTS_DIR)/SpaceRaider.app/$(BUNDLE_EXECUTABLE_FOLDER_PATH)/SpaceRaider";
			};
			name = Release;
		};
		9BBFD5DA2CA33F4C00C04083 /* Debug */ = {
			isa = XCBuildConfiguration;
			buildSettings = {
				ALWAYS_EMBED_SWIFT_STANDARD_LIBRARIES = YES;
				CODE_SIGN_STYLE = Automatic;
				CURRENT_PROJECT_VERSION = 1;
				DEVELOPMENT_TEAM = PF978XWTYW;
				GENERATE_INFOPLIST_FILE = YES;
				MARKETING_VERSION = 1.0;
				PRODUCT_BUNDLE_IDENTIFIER = illusion.SpaceRaiderUITests;
				PRODUCT_NAME = "$(TARGET_NAME)";
				SWIFT_EMIT_LOC_STRINGS = NO;
				SWIFT_VERSION = 5.0;
				TARGETED_DEVICE_FAMILY = "1,2";
				TEST_TARGET_NAME = SpaceRaider;
			};
			name = Debug;
		};
		9BBFD5DB2CA33F4C00C04083 /* Release */ = {
			isa = XCBuildConfiguration;
			buildSettings = {
				ALWAYS_EMBED_SWIFT_STANDARD_LIBRARIES = YES;
				CODE_SIGN_STYLE = Automatic;
				CURRENT_PROJECT_VERSION = 1;
				DEVELOPMENT_TEAM = PF978XWTYW;
				GENERATE_INFOPLIST_FILE = YES;
				MARKETING_VERSION = 1.0;
				PRODUCT_BUNDLE_IDENTIFIER = illusion.SpaceRaiderUITests;
				PRODUCT_NAME = "$(TARGET_NAME)";
				SWIFT_EMIT_LOC_STRINGS = NO;
				SWIFT_VERSION = 5.0;
				TARGETED_DEVICE_FAMILY = "1,2";
				TEST_TARGET_NAME = SpaceRaider;
			};
			name = Release;
		};
/* End XCBuildConfiguration section */

/* Begin XCConfigurationList section */
		9BBFD5A12CA33F4B00C04083 /* Build configuration list for PBXProject "SpaceRaider" */ = {
			isa = XCConfigurationList;
			buildConfigurations = (
				9BBFD5D12CA33F4C00C04083 /* Debug */,
				9BBFD5D22CA33F4C00C04083 /* Release */,
			);
			defaultConfigurationIsVisible = 0;
			defaultConfigurationName = Release;
		};
		9BBFD5D32CA33F4C00C04083 /* Build configuration list for PBXNativeTarget "SpaceRaider" */ = {
			isa = XCConfigurationList;
			buildConfigurations = (
				9BBFD5D42CA33F4C00C04083 /* Debug */,
				9BBFD5D52CA33F4C00C04083 /* Release */,
			);
			defaultConfigurationIsVisible = 0;
			defaultConfigurationName = Release;
		};
		9BBFD5D62CA33F4C00C04083 /* Build configuration list for PBXNativeTarget "SpaceRaiderTests" */ = {
			isa = XCConfigurationList;
			buildConfigurations = (
				9BBFD5D72CA33F4C00C04083 /* Debug */,
				9BBFD5D82CA33F4C00C04083 /* Release */,
			);
			defaultConfigurationIsVisible = 0;
			defaultConfigurationName = Release;
		};
		9BBFD5D92CA33F4C00C04083 /* Build configuration list for PBXNativeTarget "SpaceRaiderUITests" */ = {
			isa = XCConfigurationList;
			buildConfigurations = (
				9BBFD5DA2CA33F4C00C04083 /* Debug */,
				9BBFD5DB2CA33F4C00C04083 /* Release */,
			);
			defaultConfigurationIsVisible = 0;
			defaultConfigurationName = Release;
		};
/* End XCConfigurationList section */
	};
	rootObject = 9BBFD59E2CA33F4B00C04083 /* Project object */;
}
